
Microsoft Visual Studio Solution File, Format Version 12.00
# Visual Studio Version 17
VisualStudioVersion = 17.0.31903.59
MinimumVisualStudioVersion = 10.0.40219.1
Project("{2150E333-8FDC-42A3-9474-1A3956D46DE8}") = "src", "src", "{1B7DE5D5-A6AF-46AC-A510-A32CF06107B9}"
EndProject
Project("{FAE04EC0-301F-11D3-BF4B-00C04F79EFBC}") = "AuctionService", "src\auctionservice\AuctionService.csproj", "{E05EFB04-73D4-4AAA-9930-198AA0DD0669}"
EndProject
Project("{FAE04EC0-301F-11D3-BF4B-00C04F79EFBC}") = "SearchService", "src\SearchService\SearchService.csproj", "{8D8997E3-63BB-47EA-A9FF-CA57906287F3}"
EndProject
Project("{FAE04EC0-301F-11D3-BF4B-00C04F79EFBC}") = "Contracts", "src\Contracts\Contracts.csproj", "{91E6C7D9-4443-4472-98BF-FC6B3747FAD9}"
EndProject
Project("{FAE04EC0-301F-11D3-BF4B-00C04F79EFBC}") = "IdentityService", "src\IdentityService\IdentityService.csproj", "{F9A65FE7-86DD-42C7-B526-5B9DE5E26E64}"
EndProject
Global
	GlobalSection(SolutionConfigurationPlatforms) = preSolution
		Debug|Any CPU = Debug|Any CPU
		Release|Any CPU = Release|Any CPU
	EndGlobalSection
	GlobalSection(SolutionProperties) = preSolution
		HideSolutionNode = FALSE
	EndGlobalSection
	GlobalSection(ProjectConfigurationPlatforms) = postSolution
		{E05EFB04-73D4-4AAA-9930-198AA0DD0669}.Debug|Any CPU.ActiveCfg = Debug|Any CPU
		{E05EFB04-73D4-4AAA-9930-198AA0DD0669}.Debug|Any CPU.Build.0 = Debug|Any CPU
		{E05EFB04-73D4-4AAA-9930-198AA0DD0669}.Release|Any CPU.ActiveCfg = Release|Any CPU
		{E05EFB04-73D4-4AAA-9930-198AA0DD0669}.Release|Any CPU.Build.0 = Release|Any CPU
		{8D8997E3-63BB-47EA-A9FF-CA57906287F3}.Debug|Any CPU.ActiveCfg = Debug|Any CPU
		{8D8997E3-63BB-47EA-A9FF-CA57906287F3}.Debug|Any CPU.Build.0 = Debug|Any CPU
		{8D8997E3-63BB-47EA-A9FF-CA57906287F3}.Release|Any CPU.ActiveCfg = Release|Any CPU
		{8D8997E3-63BB-47EA-A9FF-CA57906287F3}.Release|Any CPU.Build.0 = Release|Any CPU
		{91E6C7D9-4443-4472-98BF-FC6B3747FAD9}.Debug|Any CPU.ActiveCfg = Debug|Any CPU
		{91E6C7D9-4443-4472-98BF-FC6B3747FAD9}.Debug|Any CPU.Build.0 = Debug|Any CPU
		{91E6C7D9-4443-4472-98BF-FC6B3747FAD9}.Release|Any CPU.ActiveCfg = Release|Any CPU
		{91E6C7D9-4443-4472-98BF-FC6B3747FAD9}.Release|Any CPU.Build.0 = Release|Any CPU
		{F9A65FE7-86DD-42C7-B526-5B9DE5E26E64}.Debug|Any CPU.ActiveCfg = Debug|Any CPU
		{F9A65FE7-86DD-42C7-B526-5B9DE5E26E64}.Debug|Any CPU.Build.0 = Debug|Any CPU
		{F9A65FE7-86DD-42C7-B526-5B9DE5E26E64}.Release|Any CPU.ActiveCfg = Release|Any CPU
		{F9A65FE7-86DD-42C7-B526-5B9DE5E26E64}.Release|Any CPU.Build.0 = Release|Any CPU
	EndGlobalSection
	GlobalSection(NestedProjects) = preSolution
		{E05EFB04-73D4-4AAA-9930-198AA0DD0669} = {1B7DE5D5-A6AF-46AC-A510-A32CF06107B9}
		{8D8997E3-63BB-47EA-A9FF-CA57906287F3} = {1B7DE5D5-A6AF-46AC-A510-A32CF06107B9}
		{91E6C7D9-4443-4472-98BF-FC6B3747FAD9} = {1B7DE5D5-A6AF-46AC-A510-A32CF06107B9}
		{F9A65FE7-86DD-42C7-B526-5B9DE5E26E64} = {1B7DE5D5-A6AF-46AC-A510-A32CF06107B9}
	EndGlobalSection
EndGlobal
